
Microsoft Visual Studio Solution File, Format Version 12.00
# Visual Studio Version 17
VisualStudioVersion = 17.5.33516.290
MinimumVisualStudioVersion = 10.0.40219.1
Project("{9A19103F-16F7-4668-BE54-9A1E7A4F7556}") = "ArrayObjetos.Entidades", "ArrayObjetos.Entidades\ArrayObjetos.Entidades.csproj", "{5EB5A387-1315-48B3-9C34-BC7A6936AF4F}"
EndProject
Project("{9A19103F-16F7-4668-BE54-9A1E7A4F7556}") = "ArrayObjetos.Windows", "ArrayObjetos.Windows\ArrayObjetos.Windows.csproj", "{A32AE98D-4F7B-46ED-BA16-EAFD1CD3E62D}"
EndProject
Project("{9A19103F-16F7-4668-BE54-9A1E7A4F7556}") = "ArrayObjetos.Datos", "ArrayObjetos.Datos\ArrayObjetos.Datos.csproj", "{20730728-7FD8-4CA0-BBCE-D11766B2486F}"
EndProject
Global
	GlobalSection(SolutionConfigurationPlatforms) = preSolution
		Debug|Any CPU = Debug|Any CPU
		Release|Any CPU = Release|Any CPU
	EndGlobalSection
	GlobalSection(ProjectConfigurationPlatforms) = postSolution
		{5EB5A387-1315-48B3-9C34-BC7A6936AF4F}.Debug|Any CPU.ActiveCfg = Debug|Any CPU
		{5EB5A387-1315-48B3-9C34-BC7A6936AF4F}.Debug|Any CPU.Build.0 = Debug|Any CPU
		{5EB5A387-1315-48B3-9C34-BC7A6936AF4F}.Release|Any CPU.ActiveCfg = Release|Any CPU
		{5EB5A387-1315-48B3-9C34-BC7A6936AF4F}.Release|Any CPU.Build.0 = Release|Any CPU
		{A32AE98D-4F7B-46ED-BA16-EAFD1CD3E62D}.Debug|Any CPU.ActiveCfg = Debug|Any CPU
		{A32AE98D-4F7B-46ED-BA16-EAFD1CD3E62D}.Debug|Any CPU.Build.0 = Debug|Any CPU
		{A32AE98D-4F7B-46ED-BA16-EAFD1CD3E62D}.Release|Any CPU.ActiveCfg = Release|Any CPU
		{A32AE98D-4F7B-46ED-BA16-EAFD1CD3E62D}.Release|Any CPU.Build.0 = Release|Any CPU
		{20730728-7FD8-4CA0-BBCE-D11766B2486F}.Debug|Any CPU.ActiveCfg = Debug|Any CPU
		{20730728-7FD8-4CA0-BBCE-D11766B2486F}.Debug|Any CPU.Build.0 = Debug|Any CPU
		{20730728-7FD8-4CA0-BBCE-D11766B2486F}.Release|Any CPU.ActiveCfg = Release|Any CPU
		{20730728-7FD8-4CA0-BBCE-D11766B2486F}.Release|Any CPU.Build.0 = Release|Any CPU
	EndGlobalSection
	GlobalSection(SolutionProperties) = preSolution
		HideSolutionNode = FALSE
	EndGlobalSection
	GlobalSection(ExtensibilityGlobals) = postSolution
		SolutionGuid = {AFDCAE76-E656-41CA-95B9-860DFD2628E6}
	EndGlobalSection
EndGlobal
